
Microsoft Visual Studio Solution File, Format Version 12.00
# Visual Studio Version 17
VisualStudioVersion = 17.9.34701.34
MinimumVisualStudioVersion = 10.0.40219.1
Project("{FAE04EC0-301F-11D3-BF4B-00C04F79EFBC}") = "task1", "task1.csproj", "{842F5D41-80A2-4BDC-B604-60C8AC6D1C9A}"
EndProject
Global
	GlobalSection(SolutionConfigurationPlatforms) = preSolution
		Debug|Any CPU = Debug|Any CPU
		Release|Any CPU = Release|Any CPU
	EndGlobalSection
	GlobalSection(ProjectConfigurationPlatforms) = postSolution
		{842F5D41-80A2-4BDC-B604-60C8AC6D1C9A}.Debug|Any CPU.ActiveCfg = Debug|Any CPU
		{842F5D41-80A2-4BDC-B604-60C8AC6D1C9A}.Debug|Any CPU.Build.0 = Debug|Any CPU
		{842F5D41-80A2-4BDC-B604-60C8AC6D1C9A}.Release|Any CPU.ActiveCfg = Release|Any CPU
		{842F5D41-80A2-4BDC-B604-60C8AC6D1C9A}.Release|Any CPU.Build.0 = Release|Any CPU
	EndGlobalSection
	GlobalSection(SolutionProperties) = preSolution
		HideSolutionNode = FALSE
	EndGlobalSection
	GlobalSection(ExtensibilityGlobals) = postSolution
		SolutionGuid = {F5E34722-B34C-4365-85AA-E63205119C4A}
	EndGlobalSection
EndGlobal
