
Microsoft Visual Studio Solution File, Format Version 12.00
# Visual Studio Version 17
VisualStudioVersion = 17.9.34701.34
MinimumVisualStudioVersion = 10.0.40219.1
Project("{9A19103F-16F7-4668-BE54-9A1E7A4F7556}") = "task1", "task1\task1.csproj", "{3FC3A987-77AD-44FB-AC0B-DDBF13C78213}"
EndProject
Project("{9A19103F-16F7-4668-BE54-9A1E7A4F7556}") = "task2", "task2\task2.csproj", "{34CCAC4C-6DBB-4B27-80C8-042031224D1D}"
EndProject
Project("{9A19103F-16F7-4668-BE54-9A1E7A4F7556}") = "task3", "task3\task3.csproj", "{5002754C-188B-49AF-B03D-AEF1D67B5CB7}"
EndProject
Project("{FAE04EC0-301F-11D3-BF4B-00C04F79EFBC}") = "task4", "task4\task4.csproj", "{CAF2A13E-B1E1-411E-9BB9-CA366A194778}"
EndProject
Global
	GlobalSection(SolutionConfigurationPlatforms) = preSolution
		Debug|Any CPU = Debug|Any CPU
		Release|Any CPU = Release|Any CPU
	EndGlobalSection
	GlobalSection(ProjectConfigurationPlatforms) = postSolution
		{3FC3A987-77AD-44FB-AC0B-DDBF13C78213}.Debug|Any CPU.ActiveCfg = Debug|Any CPU
		{3FC3A987-77AD-44FB-AC0B-DDBF13C78213}.Debug|Any CPU.Build.0 = Debug|Any CPU
		{3FC3A987-77AD-44FB-AC0B-DDBF13C78213}.Release|Any CPU.ActiveCfg = Release|Any CPU
		{3FC3A987-77AD-44FB-AC0B-DDBF13C78213}.Release|Any CPU.Build.0 = Release|Any CPU
		{34CCAC4C-6DBB-4B27-80C8-042031224D1D}.Debug|Any CPU.ActiveCfg = Debug|Any CPU
		{34CCAC4C-6DBB-4B27-80C8-042031224D1D}.Debug|Any CPU.Build.0 = Debug|Any CPU
		{34CCAC4C-6DBB-4B27-80C8-042031224D1D}.Release|Any CPU.ActiveCfg = Release|Any CPU
		{34CCAC4C-6DBB-4B27-80C8-042031224D1D}.Release|Any CPU.Build.0 = Release|Any CPU
		{5002754C-188B-49AF-B03D-AEF1D67B5CB7}.Debug|Any CPU.ActiveCfg = Debug|Any CPU
		{5002754C-188B-49AF-B03D-AEF1D67B5CB7}.Debug|Any CPU.Build.0 = Debug|Any CPU
		{5002754C-188B-49AF-B03D-AEF1D67B5CB7}.Release|Any CPU.ActiveCfg = Release|Any CPU
		{5002754C-188B-49AF-B03D-AEF1D67B5CB7}.Release|Any CPU.Build.0 = Release|Any CPU
		{CAF2A13E-B1E1-411E-9BB9-CA366A194778}.Debug|Any CPU.ActiveCfg = Debug|Any CPU
		{CAF2A13E-B1E1-411E-9BB9-CA366A194778}.Debug|Any CPU.Build.0 = Debug|Any CPU
		{CAF2A13E-B1E1-411E-9BB9-CA366A194778}.Release|Any CPU.ActiveCfg = Release|Any CPU
		{CAF2A13E-B1E1-411E-9BB9-CA366A194778}.Release|Any CPU.Build.0 = Release|Any CPU
	EndGlobalSection
	GlobalSection(SolutionProperties) = preSolution
		HideSolutionNode = FALSE
	EndGlobalSection
	GlobalSection(ExtensibilityGlobals) = postSolution
		SolutionGuid = {D0735D8B-AD52-4639-9EE5-347195D78E4B}
	EndGlobalSection
EndGlobal
